
Microsoft Visual Studio Solution File, Format Version 12.00
# Visual Studio Version 16
VisualStudioVersion = 16.0.30804.86
MinimumVisualStudioVersion = 10.0.40219.1
Project("{FAE04EC0-301F-11D3-BF4B-00C04F79EFBC}") = "HotelListing", "HotelListing\HotelListing.csproj", "{4C0A7520-202D-4FDA-9695-AB5AC2D1524A}"
EndProject
Global
	GlobalSection(SolutionConfigurationPlatforms) = preSolution
		Debug|Any CPU = Debug|Any CPU
		Release|Any CPU = Release|Any CPU
	EndGlobalSection
	GlobalSection(ProjectConfigurationPlatforms) = postSolution
		{4C0A7520-202D-4FDA-9695-AB5AC2D1524A}.Debug|Any CPU.ActiveCfg = Debug|Any CPU
		{4C0A7520-202D-4FDA-9695-AB5AC2D1524A}.Debug|Any CPU.Build.0 = Debug|Any CPU
		{4C0A7520-202D-4FDA-9695-AB5AC2D1524A}.Release|Any CPU.ActiveCfg = Release|Any CPU
		{4C0A7520-202D-4FDA-9695-AB5AC2D1524A}.Release|Any CPU.Build.0 = Release|Any CPU
	EndGlobalSection
	GlobalSection(SolutionProperties) = preSolution
		HideSolutionNode = FALSE
	EndGlobalSection
	GlobalSection(ExtensibilityGlobals) = postSolution
		SolutionGuid = {DD968433-A8AA-455B-9706-8E66FAC83E62}
	EndGlobalSection
EndGlobal
